// !$*UTF8*$!
{
	archiveVersion = 1;
	classes = {
	};
	objectVersion = 56;
	objects = {

/* Begin PBXBuildFile section */
		94DB3C14295103AF00515489 /* OutlineViewStandardCellsExampleApp.swift in Sources */ = {isa = PBXBuildFile; fileRef = 94DB3C13295103AF00515489 /* OutlineViewStandardCellsExampleApp.swift */; };
		94DB3C16295103AF00515489 /* ContentView.swift in Sources */ = {isa = PBXBuildFile; fileRef = 94DB3C15295103AF00515489 /* ContentView.swift */; };
		94DB3C18295103B200515489 /* Assets.xcassets in Resources */ = {isa = PBXBuildFile; fileRef = 94DB3C17295103B200515489 /* Assets.xcassets */; };
		94DB3C1B295103B200515489 /* Preview Assets.xcassets in Resources */ = {isa = PBXBuildFile; fileRef = 94DB3C1A295103B200515489 /* Preview Assets.xcassets */; };
		94DB3C2C295105A100515489 /* OutlineViewStandardCell.swift in Sources */ = {isa = PBXBuildFile; fileRef = 94DB3C2B295105A100515489 /* OutlineViewStandardCell.swift */; };
		94DB3C2F2951067900515489 /* OutlineView in Frameworks */ = {isa = PBXBuildFile; productRef = 94DB3C2E2951067900515489 /* OutlineView */; };
/* End PBXBuildFile section */

/* Begin PBXFileReference section */
		94DB3C10295103AF00515489 /* OutlineViewStandardCellsExample.app */ = {isa = PBXFileReference; explicitFileType = wrapper.application; includeInIndex = 0; path = OutlineViewStandardCellsExample.app; sourceTree = BUILT_PRODUCTS_DIR; };
		94DB3C13295103AF00515489 /* OutlineViewStandardCellsExampleApp.swift */ = {isa = PBXFileReference; lastKnownFileType = sourcecode.swift; path = OutlineViewStandardCellsExampleApp.swift; sourceTree = "<group>"; };
		94DB3C15295103AF00515489 /* ContentView.swift */ = {isa = PBXFileReference; lastKnownFileType = sourcecode.swift; path = ContentView.swift; sourceTree = "<group>"; };
		94DB3C17295103B200515489 /* Assets.xcassets */ = {isa = PBXFileReference; lastKnownFileType = folder.assetcatalog; path = Assets.xcassets; sourceTree = "<group>"; };
		94DB3C1A295103B200515489 /* Preview Assets.xcassets */ = {isa = PBXFileReference; lastKnownFileType = folder.assetcatalog; path = "Preview Assets.xcassets"; sourceTree = "<group>"; };
		94DB3C1C295103B200515489 /* OutlineViewStandardCellsExample.entitlements */ = {isa = PBXFileReference; lastKnownFileType = text.plist.entitlements; path = OutlineViewStandardCellsExample.entitlements; sourceTree = "<group>"; };
		94DB3C24295104C000515489 /* OutlineView */ = {isa = PBXFileReference; lastKnownFileType = wrapper; name = OutlineView; path = ../..; sourceTree = "<group>"; };
		94DB3C2B295105A100515489 /* OutlineViewStandardCell.swift */ = {isa = PBXFileReference; lastKnownFileType = sourcecode.swift; path = OutlineViewStandardCell.swift; sourceTree = "<group>"; };
/* End PBXFileReference section */

/* Begin PBXFrameworksBuildPhase section */
		94DB3C0D295103AF00515489 /* Frameworks */ = {
			isa = PBXFrameworksBuildPhase;
			buildActionMask = 2147483647;
			files = (
				94DB3C2F2951067900515489 /* OutlineView in Frameworks */,
			);
			runOnlyForDeploymentPostprocessing = 0;
		};
/* End PBXFrameworksBuildPhase section */

/* Begin PBXGroup section */
		94DB3C07295103AF00515489 = {
			isa = PBXGroup;
			children = (
				94DB3C24295104C000515489 /* OutlineView */,
				94DB3C12295103AF00515489 /* OutlineViewStandardCellsExample */,
				94DB3C11295103AF00515489 /* Products */,
				94DB3C2D2951067900515489 /* Frameworks */,
			);
			sourceTree = "<group>";
		};
		94DB3C11295103AF00515489 /* Products */ = {
			isa = PBXGroup;
			children = (
				94DB3C10295103AF00515489 /* OutlineViewStandardCellsExample.app */,
			);
			name = Products;
			sourceTree = "<group>";
		};
		94DB3C12295103AF00515489 /* OutlineViewStandardCellsExample */ = {
			isa = PBXGroup;
			children = (
				94DB3C2B295105A100515489 /* OutlineViewStandardCell.swift */,
				94DB3C13295103AF00515489 /* OutlineViewStandardCellsExampleApp.swift */,
				94DB3C15295103AF00515489 /* ContentView.swift */,
				94DB3C17295103B200515489 /* Assets.xcassets */,
				94DB3C1C295103B200515489 /* OutlineViewStandardCellsExample.entitlements */,
				94DB3C19295103B200515489 /* Preview Content */,
			);
			path = OutlineViewStandardCellsExample;
			sourceTree = "<group>";
		};
		94DB3C19295103B200515489 /* Preview Content */ = {
			isa = PBXGroup;
			children = (
				94DB3C1A295103B200515489 /* Preview Assets.xcassets */,
			);
			path = "Preview Content";
			sourceTree = "<group>";
		};
		94DB3C2D2951067900515489 /* Frameworks */ = {
			isa = PBXGroup;
			children = (
			);
			name = Frameworks;
			sourceTree = "<group>";
		};
/* End PBXGroup section */

/* Begin PBXNativeTarget section */
		94DB3C0F295103AF00515489 /* OutlineViewStandardCellsExample */ = {
			isa = PBXNativeTarget;
			buildConfigurationList = 94DB3C1F295103B200515489 /* Build configuration list for PBXNativeTarget "OutlineViewStandardCellsExample" */;
			buildPhases = (
				94DB3C0C295103AF00515489 /* Sources */,
				94DB3C0D295103AF00515489 /* Frameworks */,
				94DB3C0E295103AF00515489 /* Resources */,
			);
			buildRules = (
			);
			dependencies = (
			);
			name = OutlineViewStandardCellsExample;
			packageProductDependencies = (
				94DB3C2E2951067900515489 /* OutlineView */,
			);
			productName = OutlineViewStandardCellsExample;
			productReference = 94DB3C10295103AF00515489 /* OutlineViewStandardCellsExample.app */;
			productType = "com.apple.product-type.application";
		};
/* End PBXNativeTarget section */

/* Begin PBXProject section */
		94DB3C08295103AF00515489 /* Project object */ = {
			isa = PBXProject;
			attributes = {
				BuildIndependentTargetsInParallel = 1;
				LastSwiftUpdateCheck = 1420;
				LastUpgradeCheck = 1420;
				TargetAttributes = {
					94DB3C0F295103AF00515489 = {
						CreatedOnToolsVersion = 14.2;
					};
				};
			};
			buildConfigurationList = 94DB3C0B295103AF00515489 /* Build configuration list for PBXProject "OutlineViewStandardCellsExample" */;
			compatibilityVersion = "Xcode 14.0";
			developmentRegion = en;
			hasScannedForEncodings = 0;
			knownRegions = (
				en,
				Base,
			);
			mainGroup = 94DB3C07295103AF00515489;
			productRefGroup = 94DB3C11295103AF00515489 /* Products */;
			projectDirPath = "";
			projectRoot = "";
			targets = (
				94DB3C0F295103AF00515489 /* OutlineViewStandardCellsExample */,
			);
		};
/* End PBXProject section */

/* Begin PBXResourcesBuildPhase section */
		94DB3C0E295103AF00515489 /* Resources */ = {
			isa = PBXResourcesBuildPhase;
			buildActionMask = 2147483647;
			files = (
				94DB3C1B295103B200515489 /* Preview Assets.xcassets in Resources */,
				94DB3C18295103B200515489 /* Assets.xcassets in Resources */,
			);
			runOnlyForDeploymentPostprocessing = 0;
		};
/* End PBXResourcesBuildPhase section */

/* Begin PBXSourcesBuildPhase section */
		94DB3C0C295103AF00515489 /* Sources */ = {
			isa = PBXSourcesBuildPhase;
			buildActionMask = 2147483647;
			files = (
				94DB3C2C295105A100515489 /* OutlineViewStandardCell.swift in Sources */,
				94DB3C16295103AF00515489 /* ContentView.swift in Sources */,
				94DB3C14295103AF00515489 /* OutlineViewStandardCellsExampleApp.swift in Sources */,
			);
			runOnlyForDeploymentPostprocessing = 0;
		};
/* End PBXSourcesBuildPhase section */

/* Begin XCBuildConfiguration section */
		94DB3C1D295103B200515489 /* Debug */ = {
			isa = XCBuildConfiguration;
			buildSettings = {
				ALWAYS_SEARCH_USER_PATHS = NO;
				CLANG_ANALYZER_NONNULL = YES;
				CLANG_ANALYZER_NUMBER_OBJECT_CONVERSION = YES_AGGRESSIVE;
				CLANG_CXX_LANGUAGE_STANDARD = "gnu++20";
				CLANG_ENABLE_MODULES = YES;
				CLANG_ENABLE_OBJC_ARC = YES;
				CLANG_ENABLE_OBJC_WEAK = YES;
				CLANG_WARN_BLOCK_CAPTURE_AUTORELEASING = YES;
				CLANG_WARN_BOOL_CONVERSION = YES;
				CLANG_WARN_COMMA = YES;
				CLANG_WARN_CONSTANT_CONVERSION = YES;
				CLANG_WARN_DEPRECATED_OBJC_IMPLEMENTATIONS = YES;
				CLANG_WARN_DIRECT_OBJC_ISA_USAGE = YES_ERROR;
				CLANG_WARN_DOCUMENTATION_COMMENTS = YES;
				CLANG_WARN_EMPTY_BODY = YES;
				CLANG_WARN_ENUM_CONVERSION = YES;
				CLANG_WARN_INFINITE_RECURSION = YES;
				CLANG_WARN_INT_CONVERSION = YES;
				CLANG_WARN_NON_LITERAL_NULL_CONVERSION = YES;
				CLANG_WARN_OBJC_IMPLICIT_RETAIN_SELF = YES;
				CLANG_WARN_OBJC_LITERAL_CONVERSION = YES;
				CLANG_WARN_OBJC_ROOT_CLASS = YES_ERROR;
				CLANG_WARN_QUOTED_INCLUDE_IN_FRAMEWORK_HEADER = YES;
				CLANG_WARN_RANGE_LOOP_ANALYSIS = YES;
				CLANG_WARN_STRICT_PROTOTYPES = YES;
				CLANG_WARN_SUSPICIOUS_MOVE = YES;
				CLANG_WARN_UNGUARDED_AVAILABILITY = YES_AGGRESSIVE;
				CLANG_WARN_UNREACHABLE_CODE = YES;
				CLANG_WARN__DUPLICATE_METHOD_MATCH = YES;
				COPY_PHASE_STRIP = NO;
				DEBUG_INFORMATION_FORMAT = dwarf;
				ENABLE_STRICT_OBJC_MSGSEND = YES;
				ENABLE_TESTABILITY = YES;
				GCC_C_LANGUAGE_STANDARD = gnu11;
				GCC_DYNAMIC_NO_PIC = NO;
				GCC_NO_COMMON_BLOCKS = YES;
				GCC_OPTIMIZATION_LEVEL = 0;
				GCC_PREPROCESSOR_DEFINITIONS = (
					"DEBUG=1",
					"$(inherited)",
				);
				GCC_WARN_64_TO_32_BIT_CONVERSION = YES;
				GCC_WARN_ABOUT_RETURN_TYPE = YES_ERROR;
				GCC_WARN_UNDECLARED_SELECTOR = YES;
				GCC_WARN_UNINITIALIZED_AUTOS = YES_AGGRESSIVE;
				GCC_WARN_UNUSED_FUNCTION = YES;
				GCC_WARN_UNUSED_VARIABLE = YES;
				MACOSX_DEPLOYMENT_TARGET = 13.0;
				MTL_ENABLE_DEBUG_INFO = INCLUDE_SOURCE;
				MTL_FAST_MATH = YES;
				ONLY_ACTIVE_ARCH = YES;
				SDKROOT = macosx;
				SWIFT_ACTIVE_COMPILATION_CONDITIONS = DEBUG;
				SWIFT_OPTIMIZATION_LEVEL = "-Onone";
			};
			name = Debug;
		};
		94DB3C1E295103B200515489 /* Release */ = {
			isa = XCBuildConfiguration;
			buildSettings = {
				ALWAYS_SEARCH_USER_PATHS = NO;
				CLANG_ANALYZER_NONNULL = YES;
				CLANG_ANALYZER_NUMBER_OBJECT_CONVERSION = YES_AGGRESSIVE;
				CLANG_CXX_LANGUAGE_STANDARD = "gnu++20";
				CLANG_ENABLE_MODULES = YES;
				CLANG_ENABLE_OBJC_ARC = YES;
				CLANG_ENABLE_OBJC_WEAK = YES;
				CLANG_WARN_BLOCK_CAPTURE_AUTORELEASING = YES;
				CLANG_WARN_BOOL_CONVERSION = YES;
				CLANG_WARN_COMMA = YES;
				CLANG_WARN_CONSTANT_CONVERSION = YES;
				CLANG_WARN_DEPRECATED_OBJC_IMPLEMENTATIONS = YES;
				CLANG_WARN_DIRECT_OBJC_ISA_USAGE = YES_ERROR;
				CLANG_WARN_DOCUMENTATION_COMMENTS = YES;
				CLANG_WARN_EMPTY_BODY = YES;
				CLANG_WARN_ENUM_CONVERSION = YES;
				CLANG_WARN_INFINITE_RECURSION = YES;
				CLANG_WARN_INT_CONVERSION = YES;
				CLANG_WARN_NON_LITERAL_NULL_CONVERSION = YES;
				CLANG_WARN_OBJC_IMPLICIT_RETAIN_SELF = YES;
				CLANG_WARN_OBJC_LITERAL_CONVERSION = YES;
				CLANG_WARN_OBJC_ROOT_CLASS = YES_ERROR;
				CLANG_WARN_QUOTED_INCLUDE_IN_FRAMEWORK_HEADER = YES;
				CLANG_WARN_RANGE_LOOP_ANALYSIS = YES;
				CLANG_WARN_STRICT_PROTOTYPES = YES;
				CLANG_WARN_SUSPICIOUS_MOVE = YES;
				CLANG_WARN_UNGUARDED_AVAILABILITY = YES_AGGRESSIVE;
				CLANG_WARN_UNREACHABLE_CODE = YES;
				CLANG_WARN__DUPLICATE_METHOD_MATCH = YES;
				COPY_PHASE_STRIP = NO;
				DEBUG_INFORMATION_FORMAT = "dwarf-with-dsym";
				ENABLE_NS_ASSERTIONS = NO;
				ENABLE_STRICT_OBJC_MSGSEND = YES;
				GCC_C_LANGUAGE_STANDARD = gnu11;
				GCC_NO_COMMON_BLOCKS = YES;
				GCC_WARN_64_TO_32_BIT_CONVERSION = YES;
				GCC_WARN_ABOUT_RETURN_TYPE = YES_ERROR;
				GCC_WARN_UNDECLARED_SELECTOR = YES;
				GCC_WARN_UNINITIALIZED_AUTOS = YES_AGGRESSIVE;
				GCC_WARN_UNUSED_FUNCTION = YES;
				GCC_WARN_UNUSED_VARIABLE = YES;
				MACOSX_DEPLOYMENT_TARGET = 13.0;
				MTL_ENABLE_DEBUG_INFO = NO;
				MTL_FAST_MATH = YES;
				SDKROOT = macosx;
				SWIFT_COMPILATION_MODE = wholemodule;
				SWIFT_OPTIMIZATION_LEVEL = "-O";
			};
			name = Release;
		};
		94DB3C20295103B200515489 /* Debug */ = {
			isa = XCBuildConfiguration;
			buildSettings = {
				ASSETCATALOG_COMPILER_APPICON_NAME = AppIcon;
				ASSETCATALOG_COMPILER_GLOBAL_ACCENT_COLOR_NAME = AccentColor;
				CODE_SIGN_ENTITLEMENTS = OutlineViewStandardCellsExample/OutlineViewStandardCellsExample.entitlements;
				CODE_SIGN_STYLE = Automatic;
				COMBINE_HIDPI_IMAGES = YES;
				CURRENT_PROJECT_VERSION = 1;
				DEVELOPMENT_ASSET_PATHS = "\"OutlineViewStandardCellsExample/Preview Content\"";
				DEVELOPMENT_TEAM = AMSDNQC8GP;
				ENABLE_HARDENED_RUNTIME = YES;
				ENABLE_PREVIEWS = YES;
				GENERATE_INFOPLIST_FILE = YES;
				INFOPLIST_KEY_NSHumanReadableCopyright = "";
				LD_RUNPATH_SEARCH_PATHS = (
					"$(inherited)",
					"@executable_path/../Frameworks",
				);
				MARKETING_VERSION = 1.0;
				PRODUCT_BUNDLE_IDENTIFIER = com.ltprojects.OutlineViewStandardCellsExample;
				PRODUCT_NAME = "$(TARGET_NAME)";
				SWIFT_EMIT_LOC_STRINGS = YES;
				SWIFT_VERSION = 5.0;
			};
			name = Debug;
		};
		94DB3C21295103B200515489 /* Release */ = {
			isa = XCBuildConfiguration;
			buildSettings = {
				ASSETCATALOG_COMPILER_APPICON_NAME = AppIcon;
				ASSETCATALOG_COMPILER_GLOBAL_ACCENT_COLOR_NAME = AccentColor;
				CODE_SIGN_ENTITLEMENTS = OutlineViewStandardCellsExample/OutlineViewStandardCellsExample.entitlements;
				CODE_SIGN_STYLE = Automatic;
				COMBINE_HIDPI_IMAGES = YES;
				CURRENT_PROJECT_VERSION = 1;
				DEVELOPMENT_ASSET_PATHS = "\"OutlineViewStandardCellsExample/Preview Content\"";
				DEVELOPMENT_TEAM = AMSDNQC8GP;
				ENABLE_HARDENED_RUNTIME = YES;
				ENABLE_PREVIEWS = YES;
				GENERATE_INFOPLIST_FILE = YES;
				INFOPLIST_KEY_NSHumanReadableCopyright = "";
				LD_RUNPATH_SEARCH_PATHS = (
					"$(inherited)",
					"@executable_path/../Frameworks",
				);
				MARKETING_VERSION = 1.0;
				PRODUCT_BUNDLE_IDENTIFIER = com.ltprojects.OutlineViewStandardCellsExample;
				PRODUCT_NAME = "$(TARGET_NAME)";
				SWIFT_EMIT_LOC_STRINGS = YES;
				SWIFT_VERSION = 5.0;
			};
			name = Release;
		};
/* End XCBuildConfiguration section */

/* Begin XCConfigurationList section */
		94DB3C0B295103AF00515489 /* Build configuration list for PBXProject "OutlineViewStandardCellsExample" */ = {
			isa = XCConfigurationList;
			buildConfigurations = (
				94DB3C1D295103B200515489 /* Debug */,
				94DB3C1E295103B200515489 /* Release */,
			);
			defaultConfigurationIsVisible = 0;
			defaultConfigurationName = Release;
		};
		94DB3C1F295103B200515489 /* Build configuration list for PBXNativeTarget "OutlineViewStandardCellsExample" */ = {
			isa = XCConfigurationList;
			buildConfigurations = (
				94DB3C20295103B200515489 /* Debug */,
				94DB3C21295103B200515489 /* Release */,
			);
			defaultConfigurationIsVisible = 0;
			defaultConfigurationName = Release;
		};
/* End XCConfigurationList section */

/* Begin XCSwiftPackageProductDependency section */
		94DB3C2E2951067900515489 /* OutlineView */ = {
			isa = XCSwiftPackageProductDependency;
			productName = OutlineView;
		};
/* End XCSwiftPackageProductDependency section */
	};
	rootObject = 94DB3C08295103AF00515489 /* Project object */;
}
